
Microsoft Visual Studio Solution File, Format Version 12.00
# Visual Studio Version 17
VisualStudioVersion = 17.2.32630.192
MinimumVisualStudioVersion = 10.0.40219.1
Project("{FAE04EC0-301F-11D3-BF4B-00C04F79EFBC}") = "Automata", "Automata\Automata.csproj", "{C3E5B744-B7ED-4F3B-99BB-8C4F8889DFDC}"
EndProject
Project("{FAE04EC0-301F-11D3-BF4B-00C04F79EFBC}") = "AutomataTests", "AutomataTests\AutomataTests.csproj", "{345FAD71-6001-4D40-8C3A-5D92CE9E51E3}"
EndProject
Global
	GlobalSection(SolutionConfigurationPlatforms) = preSolution
		Debug|Any CPU = Debug|Any CPU
		Release|Any CPU = Release|Any CPU
	EndGlobalSection
	GlobalSection(ProjectConfigurationPlatforms) = postSolution
		{C3E5B744-B7ED-4F3B-99BB-8C4F8889DFDC}.Debug|Any CPU.ActiveCfg = Debug|Any CPU
		{C3E5B744-B7ED-4F3B-99BB-8C4F8889DFDC}.Debug|Any CPU.Build.0 = Debug|Any CPU
		{C3E5B744-B7ED-4F3B-99BB-8C4F8889DFDC}.Release|Any CPU.ActiveCfg = Release|Any CPU
		{C3E5B744-B7ED-4F3B-99BB-8C4F8889DFDC}.Release|Any CPU.Build.0 = Release|Any CPU
		{345FAD71-6001-4D40-8C3A-5D92CE9E51E3}.Debug|Any CPU.ActiveCfg = Debug|Any CPU
		{345FAD71-6001-4D40-8C3A-5D92CE9E51E3}.Debug|Any CPU.Build.0 = Debug|Any CPU
		{345FAD71-6001-4D40-8C3A-5D92CE9E51E3}.Release|Any CPU.ActiveCfg = Release|Any CPU
		{345FAD71-6001-4D40-8C3A-5D92CE9E51E3}.Release|Any CPU.Build.0 = Release|Any CPU
	EndGlobalSection
	GlobalSection(SolutionProperties) = preSolution
		HideSolutionNode = FALSE
	EndGlobalSection
	GlobalSection(ExtensibilityGlobals) = postSolution
		SolutionGuid = {DD8EF17C-BD49-477E-A550-9A3B5857D780}
	EndGlobalSection
EndGlobal
